
Microsoft Visual Studio Solution File, Format Version 12.00
# Visual Studio Version 17
VisualStudioVersion = 17.11.35222.181
MinimumVisualStudioVersion = 10.0.40219.1
Project("{9A19103F-16F7-4668-BE54-9A1E7A4F7556}") = "harmic", "harmic\harmic.csproj", "{29AF9AE7-EC71-41DF-AC23-850F625A7F63}"
EndProject
Global
	GlobalSection(SolutionConfigurationPlatforms) = preSolution
		Debug|Any CPU = Debug|Any CPU
		Release|Any CPU = Release|Any CPU
	EndGlobalSection
	GlobalSection(ProjectConfigurationPlatforms) = postSolution
		{29AF9AE7-EC71-41DF-AC23-850F625A7F63}.Debug|Any CPU.ActiveCfg = Debug|Any CPU
		{29AF9AE7-EC71-41DF-AC23-850F625A7F63}.Debug|Any CPU.Build.0 = Debug|Any CPU
		{29AF9AE7-EC71-41DF-AC23-850F625A7F63}.Release|Any CPU.ActiveCfg = Release|Any CPU
		{29AF9AE7-EC71-41DF-AC23-850F625A7F63}.Release|Any CPU.Build.0 = Release|Any CPU
	EndGlobalSection
	GlobalSection(SolutionProperties) = preSolution
		HideSolutionNode = FALSE
	EndGlobalSection
	GlobalSection(ExtensibilityGlobals) = postSolution
		SolutionGuid = {33C92B1B-553B-4268-B58E-E49543C19244}
	EndGlobalSection
EndGlobal
